
Microsoft Visual Studio Solution File, Format Version 12.00
# Visual Studio Version 16
VisualStudioVersion = 16.0.31424.327
MinimumVisualStudioVersion = 10.0.40219.1
Project("{9A19103F-16F7-4668-BE54-9A1E7A4F7556}") = "Credit Card Management System", "Credit Card Management System.csproj", "{339F42B3-4E6C-4795-B59E-18EB42F06486}"
EndProject
Project("{FAE04EC0-301F-11D3-BF4B-00C04F79EFBC}") = "XUnitTesting", "..\XUnitTesting\XUnitTesting.csproj", "{0621DBDD-4177-4889-BBA3-4F834644EEB6}"
EndProject
Global
	GlobalSection(SolutionConfigurationPlatforms) = preSolution
		Debug|Any CPU = Debug|Any CPU
		Release|Any CPU = Release|Any CPU
	EndGlobalSection
	GlobalSection(ProjectConfigurationPlatforms) = postSolution
		{339F42B3-4E6C-4795-B59E-18EB42F06486}.Debug|Any CPU.ActiveCfg = Debug|Any CPU
		{339F42B3-4E6C-4795-B59E-18EB42F06486}.Debug|Any CPU.Build.0 = Debug|Any CPU
		{339F42B3-4E6C-4795-B59E-18EB42F06486}.Release|Any CPU.ActiveCfg = Release|Any CPU
		{339F42B3-4E6C-4795-B59E-18EB42F06486}.Release|Any CPU.Build.0 = Release|Any CPU
		{0621DBDD-4177-4889-BBA3-4F834644EEB6}.Debug|Any CPU.ActiveCfg = Debug|Any CPU
		{0621DBDD-4177-4889-BBA3-4F834644EEB6}.Debug|Any CPU.Build.0 = Debug|Any CPU
		{0621DBDD-4177-4889-BBA3-4F834644EEB6}.Release|Any CPU.ActiveCfg = Release|Any CPU
		{0621DBDD-4177-4889-BBA3-4F834644EEB6}.Release|Any CPU.Build.0 = Release|Any CPU
	EndGlobalSection
	GlobalSection(SolutionProperties) = preSolution
		HideSolutionNode = FALSE
	EndGlobalSection
	GlobalSection(ExtensibilityGlobals) = postSolution
		SolutionGuid = {A5CE2AD0-F384-4FDA-AB7E-800AAAD98F88}
	EndGlobalSection
EndGlobal
